{
	"name": "libpq-connection-string",
	"version": "0.1.0",
	"lockfileVersion": 2,
	"requires": true,
	"packages": {
		"": {
			"version": "0.1.0",
			"license": "ISC",
			"devDependencies": {
				"@charmander/eslint-config-base": "1.3.0"
			}
		},
		"node_modules/@charmander/eslint-config-base": {
			"version": "1.3.0",
			"resolved": "https://registry.npmjs.org/@charmander/eslint-config-base/-/eslint-config-base-1.3.0.tgz",
			"integrity": "sha512-VJtTQf3dgxmNL0lOCPgEEsHrHf3MevVA9g7gpOsy5u1C/95MWKFjpPBU2S0j22J+wM7u7pgw5XMK6tKq9Kms0g==",
			"dev": true
		}
	},
	"dependencies": {
		"@charmander/eslint-config-base": {
			"version": "1.3.0",
			"resolved": "https://registry.npmjs.org/@charmander/eslint-config-base/-/eslint-config-base-1.3.0.tgz",
			"integrity": "sha512-VJtTQf3dgxmNL0lOCPgEEsHrHf3MevVA9g7gpOsy5u1C/95MWKFjpPBU2S0j22J+wM7u7pgw5XMK6tKq9Kms0g==",
			"dev": true
		}
	}
}
